
Microsoft Visual Studio Solution File, Format Version 12.00
Project("{FAE04EC0-301F-11D3-BF4B-00C04F79EFBC}") = "Superhero Backend", "Superhero Backend\Superhero Backend.csproj", "{B2809B24-151C-4C38-81A5-E094E4C50D54}"
EndProject
Global
	GlobalSection(SolutionConfigurationPlatforms) = preSolution
		Debug|Any CPU = Debug|Any CPU
		Release|Any CPU = Release|Any CPU
	EndGlobalSection
	GlobalSection(ProjectConfigurationPlatforms) = postSolution
		{B2809B24-151C-4C38-81A5-E094E4C50D54}.Debug|Any CPU.ActiveCfg = Debug|Any CPU
		{B2809B24-151C-4C38-81A5-E094E4C50D54}.Debug|Any CPU.Build.0 = Debug|Any CPU
		{B2809B24-151C-4C38-81A5-E094E4C50D54}.Release|Any CPU.ActiveCfg = Release|Any CPU
		{B2809B24-151C-4C38-81A5-E094E4C50D54}.Release|Any CPU.Build.0 = Release|Any CPU
	EndGlobalSection
EndGlobal
